// !$*UTF8*$!
{
	archiveVersion = 1;
	classes = {
	};
	objectVersion = 56;
	objects = {

/* Begin PBXBuildFile section */
		D5309CA72ADE398100B5D0E3 /* decophiliaApp.swift in Sources */ = {isa = PBXBuildFile; fileRef = D5309CA62ADE398100B5D0E3 /* decophiliaApp.swift */; };
		D5309CA92ADE398100B5D0E3 /* ContentView.swift in Sources */ = {isa = PBXBuildFile; fileRef = D5309CA82ADE398100B5D0E3 /* ContentView.swift */; };
		D5309CAB2ADE398200B5D0E3 /* Assets.xcassets in Resources */ = {isa = PBXBuildFile; fileRef = D5309CAA2ADE398200B5D0E3 /* Assets.xcassets */; };
		D5309CAE2ADE398200B5D0E3 /* Preview Assets.xcassets in Resources */ = {isa = PBXBuildFile; fileRef = D5309CAD2ADE398200B5D0E3 /* Preview Assets.xcassets */; };
		D5309CB82ADE398200B5D0E3 /* decophiliaTests.swift in Sources */ = {isa = PBXBuildFile; fileRef = D5309CB72ADE398200B5D0E3 /* decophiliaTests.swift */; };
		D5309CC22ADE398200B5D0E3 /* decophiliaUITests.swift in Sources */ = {isa = PBXBuildFile; fileRef = D5309CC12ADE398200B5D0E3 /* decophiliaUITests.swift */; };
		D5309CC42ADE398200B5D0E3 /* decophiliaUITestsLaunchTests.swift in Sources */ = {isa = PBXBuildFile; fileRef = D5309CC32ADE398200B5D0E3 /* decophiliaUITestsLaunchTests.swift */; };
		D5309CD12ADE496B00B5D0E3 /* arScene.swift in Sources */ = {isa = PBXBuildFile; fileRef = D5309CD02ADE496B00B5D0E3 /* arScene.swift */; };
/* End PBXBuildFile section */

/* Begin PBXContainerItemProxy section */
		D5309CB42ADE398200B5D0E3 /* PBXContainerItemProxy */ = {
			isa = PBXContainerItemProxy;
			containerPortal = D5309C9B2ADE398100B5D0E3 /* Project object */;
			proxyType = 1;
			remoteGlobalIDString = D5309CA22ADE398100B5D0E3;
			remoteInfo = decophilia;
		};
		D5309CBE2ADE398200B5D0E3 /* PBXContainerItemProxy */ = {
			isa = PBXContainerItemProxy;
			containerPortal = D5309C9B2ADE398100B5D0E3 /* Project object */;
			proxyType = 1;
			remoteGlobalIDString = D5309CA22ADE398100B5D0E3;
			remoteInfo = decophilia;
		};
/* End PBXContainerItemProxy section */

/* Begin PBXFileReference section */
		D5309CA32ADE398100B5D0E3 /* decophilia.app */ = {isa = PBXFileReference; explicitFileType = wrapper.application; includeInIndex = 0; path = decophilia.app; sourceTree = BUILT_PRODUCTS_DIR; };
		D5309CA62ADE398100B5D0E3 /* decophiliaApp.swift */ = {isa = PBXFileReference; lastKnownFileType = sourcecode.swift; path = decophiliaApp.swift; sourceTree = "<group>"; };
		D5309CA82ADE398100B5D0E3 /* ContentView.swift */ = {isa = PBXFileReference; lastKnownFileType = sourcecode.swift; path = ContentView.swift; sourceTree = "<group>"; };
		D5309CAA2ADE398200B5D0E3 /* Assets.xcassets */ = {isa = PBXFileReference; lastKnownFileType = folder.assetcatalog; path = Assets.xcassets; sourceTree = "<group>"; };
		D5309CAD2ADE398200B5D0E3 /* Preview Assets.xcassets */ = {isa = PBXFileReference; lastKnownFileType = folder.assetcatalog; path = "Preview Assets.xcassets"; sourceTree = "<group>"; };
		D5309CB32ADE398200B5D0E3 /* decophiliaTests.xctest */ = {isa = PBXFileReference; explicitFileType = wrapper.cfbundle; includeInIndex = 0; path = decophiliaTests.xctest; sourceTree = BUILT_PRODUCTS_DIR; };
		D5309CB72ADE398200B5D0E3 /* decophiliaTests.swift */ = {isa = PBXFileReference; lastKnownFileType = sourcecode.swift; path = decophiliaTests.swift; sourceTree = "<group>"; };
		D5309CBD2ADE398200B5D0E3 /* decophiliaUITests.xctest */ = {isa = PBXFileReference; explicitFileType = wrapper.cfbundle; includeInIndex = 0; path = decophiliaUITests.xctest; sourceTree = BUILT_PRODUCTS_DIR; };
		D5309CC12ADE398200B5D0E3 /* decophiliaUITests.swift */ = {isa = PBXFileReference; lastKnownFileType = sourcecode.swift; path = decophiliaUITests.swift; sourceTree = "<group>"; };
		D5309CC32ADE398200B5D0E3 /* decophiliaUITestsLaunchTests.swift */ = {isa = PBXFileReference; lastKnownFileType = sourcecode.swift; path = decophiliaUITestsLaunchTests.swift; sourceTree = "<group>"; };
		D5309CD02ADE496B00B5D0E3 /* arScene.swift */ = {isa = PBXFileReference; lastKnownFileType = sourcecode.swift; path = arScene.swift; sourceTree = "<group>"; };
		D5309CD22ADE4D5900B5D0E3 /* Info.plist */ = {isa = PBXFileReference; lastKnownFileType = text.plist; path = Info.plist; sourceTree = "<group>"; };
/* End PBXFileReference section */

/* Begin PBXFrameworksBuildPhase section */
		D5309CA02ADE398100B5D0E3 /* Frameworks */ = {
			isa = PBXFrameworksBuildPhase;
			buildActionMask = 2147483647;
			files = (
			);
			runOnlyForDeploymentPostprocessing = 0;
		};
		D5309CB02ADE398200B5D0E3 /* Frameworks */ = {
			isa = PBXFrameworksBuildPhase;
			buildActionMask = 2147483647;
			files = (
			);
			runOnlyForDeploymentPostprocessing = 0;
		};
		D5309CBA2ADE398200B5D0E3 /* Frameworks */ = {
			isa = PBXFrameworksBuildPhase;
			buildActionMask = 2147483647;
			files = (
			);
			runOnlyForDeploymentPostprocessing = 0;
		};
/* End PBXFrameworksBuildPhase section */

/* Begin PBXGroup section */
		D5309C9A2ADE398100B5D0E3 = {
			isa = PBXGroup;
			children = (
				D5309CA52ADE398100B5D0E3 /* decophilia */,
				D5309CB62ADE398200B5D0E3 /* decophiliaTests */,
				D5309CC02ADE398200B5D0E3 /* decophiliaUITests */,
				D5309CA42ADE398100B5D0E3 /* Products */,
			);
			sourceTree = "<group>";
		};
		D5309CA42ADE398100B5D0E3 /* Products */ = {
			isa = PBXGroup;
			children = (
				D5309CA32ADE398100B5D0E3 /* decophilia.app */,
				D5309CB32ADE398200B5D0E3 /* decophiliaTests.xctest */,
				D5309CBD2ADE398200B5D0E3 /* decophiliaUITests.xctest */,
			);
			name = Products;
			sourceTree = "<group>";
		};
		D5309CA52ADE398100B5D0E3 /* decophilia */ = {
			isa = PBXGroup;
			children = (
				D5309CD22ADE4D5900B5D0E3 /* Info.plist */,
				D5309CA62ADE398100B5D0E3 /* decophiliaApp.swift */,
				D5309CA82ADE398100B5D0E3 /* ContentView.swift */,
				D5309CAA2ADE398200B5D0E3 /* Assets.xcassets */,
				D5309CAC2ADE398200B5D0E3 /* Preview Content */,
				D5309CD02ADE496B00B5D0E3 /* arScene.swift */,
			);
			path = decophilia;
			sourceTree = "<group>";
		};
		D5309CAC2ADE398200B5D0E3 /* Preview Content */ = {
			isa = PBXGroup;
			children = (
				D5309CAD2ADE398200B5D0E3 /* Preview Assets.xcassets */,
			);
			path = "Preview Content";
			sourceTree = "<group>";
		};
		D5309CB62ADE398200B5D0E3 /* decophiliaTests */ = {
			isa = PBXGroup;
			children = (
				D5309CB72ADE398200B5D0E3 /* decophiliaTests.swift */,
			);
			path = decophiliaTests;
			sourceTree = "<group>";
		};
		D5309CC02ADE398200B5D0E3 /* decophiliaUITests */ = {
			isa = PBXGroup;
			children = (
				D5309CC12ADE398200B5D0E3 /* decophiliaUITests.swift */,
				D5309CC32ADE398200B5D0E3 /* decophiliaUITestsLaunchTests.swift */,
			);
			path = decophiliaUITests;
			sourceTree = "<group>";
		};
/* End PBXGroup section */

/* Begin PBXNativeTarget section */
		D5309CA22ADE398100B5D0E3 /* decophilia */ = {
			isa = PBXNativeTarget;
			buildConfigurationList = D5309CC72ADE398200B5D0E3 /* Build configuration list for PBXNativeTarget "decophilia" */;
			buildPhases = (
				D5309C9F2ADE398100B5D0E3 /* Sources */,
				D5309CA02ADE398100B5D0E3 /* Frameworks */,
				D5309CA12ADE398100B5D0E3 /* Resources */,
			);
			buildRules = (
			);
			dependencies = (
			);
			name = decophilia;
			productName = decophilia;
			productReference = D5309CA32ADE398100B5D0E3 /* decophilia.app */;
			productType = "com.apple.product-type.application";
		};
		D5309CB22ADE398200B5D0E3 /* decophiliaTests */ = {
			isa = PBXNativeTarget;
			buildConfigurationList = D5309CCA2ADE398200B5D0E3 /* Build configuration list for PBXNativeTarget "decophiliaTests" */;
			buildPhases = (
				D5309CAF2ADE398200B5D0E3 /* Sources */,
				D5309CB02ADE398200B5D0E3 /* Frameworks */,
				D5309CB12ADE398200B5D0E3 /* Resources */,
			);
			buildRules = (
			);
			dependencies = (
				D5309CB52ADE398200B5D0E3 /* PBXTargetDependency */,
			);
			name = decophiliaTests;
			productName = decophiliaTests;
			productReference = D5309CB32ADE398200B5D0E3 /* decophiliaTests.xctest */;
			productType = "com.apple.product-type.bundle.unit-test";
		};
		D5309CBC2ADE398200B5D0E3 /* decophiliaUITests */ = {
			isa = PBXNativeTarget;
			buildConfigurationList = D5309CCD2ADE398200B5D0E3 /* Build configuration list for PBXNativeTarget "decophiliaUITests" */;
			buildPhases = (
				D5309CB92ADE398200B5D0E3 /* Sources */,
				D5309CBA2ADE398200B5D0E3 /* Frameworks */,
				D5309CBB2ADE398200B5D0E3 /* Resources */,
			);
			buildRules = (
			);
			dependencies = (
				D5309CBF2ADE398200B5D0E3 /* PBXTargetDependency */,
			);
			name = decophiliaUITests;
			productName = decophiliaUITests;
			productReference = D5309CBD2ADE398200B5D0E3 /* decophiliaUITests.xctest */;
			productType = "com.apple.product-type.bundle.ui-testing";
		};
/* End PBXNativeTarget section */

/* Begin PBXProject section */
		D5309C9B2ADE398100B5D0E3 /* Project object */ = {
			isa = PBXProject;
			attributes = {
				BuildIndependentTargetsInParallel = 1;
				LastSwiftUpdateCheck = 1500;
				LastUpgradeCheck = 1500;
				TargetAttributes = {
					D5309CA22ADE398100B5D0E3 = {
						CreatedOnToolsVersion = 15.0;
					};
					D5309CB22ADE398200B5D0E3 = {
						CreatedOnToolsVersion = 15.0;
						TestTargetID = D5309CA22ADE398100B5D0E3;
					};
					D5309CBC2ADE398200B5D0E3 = {
						CreatedOnToolsVersion = 15.0;
						TestTargetID = D5309CA22ADE398100B5D0E3;
					};
				};
			};
			buildConfigurationList = D5309C9E2ADE398100B5D0E3 /* Build configuration list for PBXProject "decophilia" */;
			compatibilityVersion = "Xcode 14.0";
			developmentRegion = en;
			hasScannedForEncodings = 0;
			knownRegions = (
				en,
				Base,
			);
			mainGroup = D5309C9A2ADE398100B5D0E3;
			productRefGroup = D5309CA42ADE398100B5D0E3 /* Products */;
			projectDirPath = "";
			projectRoot = "";
			targets = (
				D5309CA22ADE398100B5D0E3 /* decophilia */,
				D5309CB22ADE398200B5D0E3 /* decophiliaTests */,
				D5309CBC2ADE398200B5D0E3 /* decophiliaUITests */,
			);
		};
/* End PBXProject section */

/* Begin PBXResourcesBuildPhase section */
		D5309CA12ADE398100B5D0E3 /* Resources */ = {
			isa = PBXResourcesBuildPhase;
			buildActionMask = 2147483647;
			files = (
				D5309CAE2ADE398200B5D0E3 /* Preview Assets.xcassets in Resources */,
				D5309CAB2ADE398200B5D0E3 /* Assets.xcassets in Resources */,
			);
			runOnlyForDeploymentPostprocessing = 0;
		};
		D5309CB12ADE398200B5D0E3 /* Resources */ = {
			isa = PBXResourcesBuildPhase;
			buildActionMask = 2147483647;
			files = (
			);
			runOnlyForDeploymentPostprocessing = 0;
		};
		D5309CBB2ADE398200B5D0E3 /* Resources */ = {
			isa = PBXResourcesBuildPhase;
			buildActionMask = 2147483647;
			files = (
			);
			runOnlyForDeploymentPostprocessing = 0;
		};
/* End PBXResourcesBuildPhase section */

/* Begin PBXSourcesBuildPhase section */
		D5309C9F2ADE398100B5D0E3 /* Sources */ = {
			isa = PBXSourcesBuildPhase;
			buildActionMask = 2147483647;
			files = (
				D5309CA92ADE398100B5D0E3 /* ContentView.swift in Sources */,
				D5309CD12ADE496B00B5D0E3 /* arScene.swift in Sources */,
				D5309CA72ADE398100B5D0E3 /* decophiliaApp.swift in Sources */,
			);
			runOnlyForDeploymentPostprocessing = 0;
		};
		D5309CAF2ADE398200B5D0E3 /* Sources */ = {
			isa = PBXSourcesBuildPhase;
			buildActionMask = 2147483647;
			files = (
				D5309CB82ADE398200B5D0E3 /* decophiliaTests.swift in Sources */,
			);
			runOnlyForDeploymentPostprocessing = 0;
		};
		D5309CB92ADE398200B5D0E3 /* Sources */ = {
			isa = PBXSourcesBuildPhase;
			buildActionMask = 2147483647;
			files = (
				D5309CC42ADE398200B5D0E3 /* decophiliaUITestsLaunchTests.swift in Sources */,
				D5309CC22ADE398200B5D0E3 /* decophiliaUITests.swift in Sources */,
			);
			runOnlyForDeploymentPostprocessing = 0;
		};
/* End PBXSourcesBuildPhase section */

/* Begin PBXTargetDependency section */
		D5309CB52ADE398200B5D0E3 /* PBXTargetDependency */ = {
			isa = PBXTargetDependency;
			target = D5309CA22ADE398100B5D0E3 /* decophilia */;
			targetProxy = D5309CB42ADE398200B5D0E3 /* PBXContainerItemProxy */;
		};
		D5309CBF2ADE398200B5D0E3 /* PBXTargetDependency */ = {
			isa = PBXTargetDependency;
			target = D5309CA22ADE398100B5D0E3 /* decophilia */;
			targetProxy = D5309CBE2ADE398200B5D0E3 /* PBXContainerItemProxy */;
		};
/* End PBXTargetDependency section */

/* Begin XCBuildConfiguration section */
		D5309CC52ADE398200B5D0E3 /* Debug */ = {
			isa = XCBuildConfiguration;
			buildSettings = {
				ALWAYS_SEARCH_USER_PATHS = NO;
				ASSETCATALOG_COMPILER_GENERATE_SWIFT_ASSET_SYMBOL_EXTENSIONS = YES;
				CLANG_ANALYZER_NONNULL = YES;
				CLANG_ANALYZER_NUMBER_OBJECT_CONVERSION = YES_AGGRESSIVE;
				CLANG_CXX_LANGUAGE_STANDARD = "gnu++20";
				CLANG_ENABLE_MODULES = YES;
				CLANG_ENABLE_OBJC_ARC = YES;
				CLANG_ENABLE_OBJC_WEAK = YES;
				CLANG_WARN_BLOCK_CAPTURE_AUTORELEASING = YES;
				CLANG_WARN_BOOL_CONVERSION = YES;
				CLANG_WARN_COMMA = YES;
				CLANG_WARN_CONSTANT_CONVERSION = YES;
				CLANG_WARN_DEPRECATED_OBJC_IMPLEMENTATIONS = YES;
				CLANG_WARN_DIRECT_OBJC_ISA_USAGE = YES_ERROR;
				CLANG_WARN_DOCUMENTATION_COMMENTS = YES;
				CLANG_WARN_EMPTY_BODY = YES;
				CLANG_WARN_ENUM_CONVERSION = YES;
				CLANG_WARN_INFINITE_RECURSION = YES;
				CLANG_WARN_INT_CONVERSION = YES;
				CLANG_WARN_NON_LITERAL_NULL_CONVERSION = YES;
				CLANG_WARN_OBJC_IMPLICIT_RETAIN_SELF = YES;
				CLANG_WARN_OBJC_LITERAL_CONVERSION = YES;
				CLANG_WARN_OBJC_ROOT_CLASS = YES_ERROR;
				CLANG_WARN_QUOTED_INCLUDE_IN_FRAMEWORK_HEADER = YES;
				CLANG_WARN_RANGE_LOOP_ANALYSIS = YES;
				CLANG_WARN_STRICT_PROTOTYPES = YES;
				CLANG_WARN_SUSPICIOUS_MOVE = YES;
				CLANG_WARN_UNGUARDED_AVAILABILITY = YES_AGGRESSIVE;
				CLANG_WARN_UNREACHABLE_CODE = YES;
				CLANG_WARN__DUPLICATE_METHOD_MATCH = YES;
				COPY_PHASE_STRIP = NO;
				DEBUG_INFORMATION_FORMAT = dwarf;
				ENABLE_STRICT_OBJC_MSGSEND = YES;
				ENABLE_TESTABILITY = YES;
				ENABLE_USER_SCRIPT_SANDBOXING = YES;
				GCC_C_LANGUAGE_STANDARD = gnu17;
				GCC_DYNAMIC_NO_PIC = NO;
				GCC_NO_COMMON_BLOCKS = YES;
				GCC_OPTIMIZATION_LEVEL = 0;
				GCC_PREPROCESSOR_DEFINITIONS = (
					"DEBUG=1",
					"$(inherited)",
				);
				GCC_WARN_64_TO_32_BIT_CONVERSION = YES;
				GCC_WARN_ABOUT_RETURN_TYPE = YES_ERROR;
				GCC_WARN_UNDECLARED_SELECTOR = YES;
				GCC_WARN_UNINITIALIZED_AUTOS = YES_AGGRESSIVE;
				GCC_WARN_UNUSED_FUNCTION = YES;
				GCC_WARN_UNUSED_VARIABLE = YES;
				IPHONEOS_DEPLOYMENT_TARGET = 17.0;
				LOCALIZATION_PREFERS_STRING_CATALOGS = YES;
				MTL_ENABLE_DEBUG_INFO = INCLUDE_SOURCE;
				MTL_FAST_MATH = YES;
				ONLY_ACTIVE_ARCH = YES;
				SDKROOT = iphoneos;
				SWIFT_ACTIVE_COMPILATION_CONDITIONS = "DEBUG $(inherited)";
				SWIFT_OPTIMIZATION_LEVEL = "-Onone";
			};
			name = Debug;
		};
		D5309CC62ADE398200B5D0E3 /* Release */ = {
			isa = XCBuildConfiguration;
			buildSettings = {
				ALWAYS_SEARCH_USER_PATHS = NO;
				ASSETCATALOG_COMPILER_GENERATE_SWIFT_ASSET_SYMBOL_EXTENSIONS = YES;
				CLANG_ANALYZER_NONNULL = YES;
				CLANG_ANALYZER_NUMBER_OBJECT_CONVERSION = YES_AGGRESSIVE;
				CLANG_CXX_LANGUAGE_STANDARD = "gnu++20";
				CLANG_ENABLE_MODULES = YES;
				CLANG_ENABLE_OBJC_ARC = YES;
				CLANG_ENABLE_OBJC_WEAK = YES;
				CLANG_WARN_BLOCK_CAPTURE_AUTORELEASING = YES;
				CLANG_WARN_BOOL_CONVERSION = YES;
				CLANG_WARN_COMMA = YES;
				CLANG_WARN_CONSTANT_CONVERSION = YES;
				CLANG_WARN_DEPRECATED_OBJC_IMPLEMENTATIONS = YES;
				CLANG_WARN_DIRECT_OBJC_ISA_USAGE = YES_ERROR;
				CLANG_WARN_DOCUMENTATION_COMMENTS = YES;
				CLANG_WARN_EMPTY_BODY = YES;
				CLANG_WARN_ENUM_CONVERSION = YES;
				CLANG_WARN_INFINITE_RECURSION = YES;
				CLANG_WARN_INT_CONVERSION = YES;
				CLANG_WARN_NON_LITERAL_NULL_CONVERSION = YES;
				CLANG_WARN_OBJC_IMPLICIT_RETAIN_SELF = YES;
				CLANG_WARN_OBJC_LITERAL_CONVERSION = YES;
				CLANG_WARN_OBJC_ROOT_CLASS = YES_ERROR;
				CLANG_WARN_QUOTED_INCLUDE_IN_FRAMEWORK_HEADER = YES;
				CLANG_WARN_RANGE_LOOP_ANALYSIS = YES;
				CLANG_WARN_STRICT_PROTOTYPES = YES;
				CLANG_WARN_SUSPICIOUS_MOVE = YES;
				CLANG_WARN_UNGUARDED_AVAILABILITY = YES_AGGRESSIVE;
				CLANG_WARN_UNREACHABLE_CODE = YES;
				CLANG_WARN__DUPLICATE_METHOD_MATCH = YES;
				COPY_PHASE_STRIP = NO;
				DEBUG_INFORMATION_FORMAT = "dwarf-with-dsym";
				ENABLE_NS_ASSERTIONS = NO;
				ENABLE_STRICT_OBJC_MSGSEND = YES;
				ENABLE_USER_SCRIPT_SANDBOXING = YES;
				GCC_C_LANGUAGE_STANDARD = gnu17;
				GCC_NO_COMMON_BLOCKS = YES;
				GCC_WARN_64_TO_32_BIT_CONVERSION = YES;
				GCC_WARN_ABOUT_RETURN_TYPE = YES_ERROR;
				GCC_WARN_UNDECLARED_SELECTOR = YES;
				GCC_WARN_UNINITIALIZED_AUTOS = YES_AGGRESSIVE;
				GCC_WARN_UNUSED_FUNCTION = YES;
				GCC_WARN_UNUSED_VARIABLE = YES;
				IPHONEOS_DEPLOYMENT_TARGET = 17.0;
				LOCALIZATION_PREFERS_STRING_CATALOGS = YES;
				MTL_ENABLE_DEBUG_INFO = NO;
				MTL_FAST_MATH = YES;
				SDKROOT = iphoneos;
				SWIFT_COMPILATION_MODE = wholemodule;
				VALIDATE_PRODUCT = YES;
			};
			name = Release;
		};
		D5309CC82ADE398200B5D0E3 /* Debug */ = {
			isa = XCBuildConfiguration;
			buildSettings = {
				ASSETCATALOG_COMPILER_APPICON_NAME = AppIcon;
				ASSETCATALOG_COMPILER_GLOBAL_ACCENT_COLOR_NAME = AccentColor;
				CODE_SIGN_STYLE = Automatic;
				CURRENT_PROJECT_VERSION = 1;
				DEVELOPMENT_ASSET_PATHS = "\"decophilia/Preview Content\"";
				DEVELOPMENT_TEAM = YR95F4NP7Y;
				ENABLE_PREVIEWS = YES;
				GENERATE_INFOPLIST_FILE = YES;
				INFOPLIST_FILE = decophilia/Info.plist;
				INFOPLIST_KEY_UIApplicationSceneManifest_Generation = YES;
				INFOPLIST_KEY_UIApplicationSupportsIndirectInputEvents = YES;
				INFOPLIST_KEY_UILaunchScreen_Generation = YES;
				INFOPLIST_KEY_UISupportedInterfaceOrientations_iPad = "UIInterfaceOrientationPortrait UIInterfaceOrientationPortraitUpsideDown UIInterfaceOrientationLandscapeLeft UIInterfaceOrientationLandscapeRight";
				INFOPLIST_KEY_UISupportedInterfaceOrientations_iPhone = "UIInterfaceOrientationPortrait UIInterfaceOrientationLandscapeLeft UIInterfaceOrientationLandscapeRight";
				LD_RUNPATH_SEARCH_PATHS = (
					"$(inherited)",
					"@executable_path/Frameworks",
				);
				MARKETING_VERSION = 1.0;
				PRODUCT_BUNDLE_IDENTIFIER = com.arch.decophilia.decophilia;
				PRODUCT_NAME = "$(TARGET_NAME)";
				SWIFT_EMIT_LOC_STRINGS = YES;
				SWIFT_VERSION = 5.0;
				TARGETED_DEVICE_FAMILY = "1,2";
			};
			name = Debug;
		};
		D5309CC92ADE398200B5D0E3 /* Release */ = {
			isa = XCBuildConfiguration;
			buildSettings = {
				ASSETCATALOG_COMPILER_APPICON_NAME = AppIcon;
				ASSETCATALOG_COMPILER_GLOBAL_ACCENT_COLOR_NAME = AccentColor;
				CODE_SIGN_STYLE = Automatic;
				CURRENT_PROJECT_VERSION = 1;
				DEVELOPMENT_ASSET_PATHS = "\"decophilia/Preview Content\"";
				DEVELOPMENT_TEAM = YR95F4NP7Y;
				ENABLE_PREVIEWS = YES;
				GENERATE_INFOPLIST_FILE = YES;
				INFOPLIST_FILE = decophilia/Info.plist;
				INFOPLIST_KEY_UIApplicationSceneManifest_Generation = YES;
				INFOPLIST_KEY_UIApplicationSupportsIndirectInputEvents = YES;
				INFOPLIST_KEY_UILaunchScreen_Generation = YES;
				INFOPLIST_KEY_UISupportedInterfaceOrientations_iPad = "UIInterfaceOrientationPortrait UIInterfaceOrientationPortraitUpsideDown UIInterfaceOrientationLandscapeLeft UIInterfaceOrientationLandscapeRight";
				INFOPLIST_KEY_UISupportedInterfaceOrientations_iPhone = "UIInterfaceOrientationPortrait UIInterfaceOrientationLandscapeLeft UIInterfaceOrientationLandscapeRight";
				LD_RUNPATH_SEARCH_PATHS = (
					"$(inherited)",
					"@executable_path/Frameworks",
				);
				MARKETING_VERSION = 1.0;
				PRODUCT_BUNDLE_IDENTIFIER = com.arch.decophilia.decophilia;
				PRODUCT_NAME = "$(TARGET_NAME)";
				SWIFT_EMIT_LOC_STRINGS = YES;
				SWIFT_VERSION = 5.0;
				TARGETED_DEVICE_FAMILY = "1,2";
			};
			name = Release;
		};
		D5309CCB2ADE398200B5D0E3 /* Debug */ = {
			isa = XCBuildConfiguration;
			buildSettings = {
				ALWAYS_EMBED_SWIFT_STANDARD_LIBRARIES = YES;
				BUNDLE_LOADER = "$(TEST_HOST)";
				CODE_SIGN_STYLE = Automatic;
				CURRENT_PROJECT_VERSION = 1;
				DEVELOPMENT_TEAM = YR95F4NP7Y;
				GENERATE_INFOPLIST_FILE = YES;
				IPHONEOS_DEPLOYMENT_TARGET = 17.0;
				MARKETING_VERSION = 1.0;
				PRODUCT_BUNDLE_IDENTIFIER = com.arch.decophilia.decophiliaTests;
				PRODUCT_NAME = "$(TARGET_NAME)";
				SWIFT_EMIT_LOC_STRINGS = NO;
				SWIFT_VERSION = 5.0;
				TARGETED_DEVICE_FAMILY = "1,2";
				TEST_HOST = "$(BUILT_PRODUCTS_DIR)/decophilia.app/$(BUNDLE_EXECUTABLE_FOLDER_PATH)/decophilia";
			};
			name = Debug;
		};
		D5309CCC2ADE398200B5D0E3 /* Release */ = {
			isa = XCBuildConfiguration;
			buildSettings = {
				ALWAYS_EMBED_SWIFT_STANDARD_LIBRARIES = YES;
				BUNDLE_LOADER = "$(TEST_HOST)";
				CODE_SIGN_STYLE = Automatic;
				CURRENT_PROJECT_VERSION = 1;
				DEVELOPMENT_TEAM = YR95F4NP7Y;
				GENERATE_INFOPLIST_FILE = YES;
				IPHONEOS_DEPLOYMENT_TARGET = 17.0;
				MARKETING_VERSION = 1.0;
				PRODUCT_BUNDLE_IDENTIFIER = com.arch.decophilia.decophiliaTests;
				PRODUCT_NAME = "$(TARGET_NAME)";
				SWIFT_EMIT_LOC_STRINGS = NO;
				SWIFT_VERSION = 5.0;
				TARGETED_DEVICE_FAMILY = "1,2";
				TEST_HOST = "$(BUILT_PRODUCTS_DIR)/decophilia.app/$(BUNDLE_EXECUTABLE_FOLDER_PATH)/decophilia";
			};
			name = Release;
		};
		D5309CCE2ADE398200B5D0E3 /* Debug */ = {
			isa = XCBuildConfiguration;
			buildSettings = {
				ALWAYS_EMBED_SWIFT_STANDARD_LIBRARIES = YES;
				CODE_SIGN_STYLE = Automatic;
				CURRENT_PROJECT_VERSION = 1;
				DEVELOPMENT_TEAM = YR95F4NP7Y;
				GENERATE_INFOPLIST_FILE = YES;
				MARKETING_VERSION = 1.0;
				PRODUCT_BUNDLE_IDENTIFIER = com.arch.decophilia.decophiliaUITests;
				PRODUCT_NAME = "$(TARGET_NAME)";
				SWIFT_EMIT_LOC_STRINGS = NO;
				SWIFT_VERSION = 5.0;
				TARGETED_DEVICE_FAMILY = "1,2";
				TEST_TARGET_NAME = decophilia;
			};
			name = Debug;
		};
		D5309CCF2ADE398200B5D0E3 /* Release */ = {
			isa = XCBuildConfiguration;
			buildSettings = {
				ALWAYS_EMBED_SWIFT_STANDARD_LIBRARIES = YES;
				CODE_SIGN_STYLE = Automatic;
				CURRENT_PROJECT_VERSION = 1;
				DEVELOPMENT_TEAM = YR95F4NP7Y;
				GENERATE_INFOPLIST_FILE = YES;
				MARKETING_VERSION = 1.0;
				PRODUCT_BUNDLE_IDENTIFIER = com.arch.decophilia.decophiliaUITests;
				PRODUCT_NAME = "$(TARGET_NAME)";
				SWIFT_EMIT_LOC_STRINGS = NO;
				SWIFT_VERSION = 5.0;
				TARGETED_DEVICE_FAMILY = "1,2";
				TEST_TARGET_NAME = decophilia;
			};
			name = Release;
		};
/* End XCBuildConfiguration section */

/* Begin XCConfigurationList section */
		D5309C9E2ADE398100B5D0E3 /* Build configuration list for PBXProject "decophilia" */ = {
			isa = XCConfigurationList;
			buildConfigurations = (
				D5309CC52ADE398200B5D0E3 /* Debug */,
				D5309CC62ADE398200B5D0E3 /* Release */,
			);
			defaultConfigurationIsVisible = 0;
			defaultConfigurationName = Release;
		};
		D5309CC72ADE398200B5D0E3 /* Build configuration list for PBXNativeTarget "decophilia" */ = {
			isa = XCConfigurationList;
			buildConfigurations = (
				D5309CC82ADE398200B5D0E3 /* Debug */,
				D5309CC92ADE398200B5D0E3 /* Release */,
			);
			defaultConfigurationIsVisible = 0;
			defaultConfigurationName = Release;
		};
		D5309CCA2ADE398200B5D0E3 /* Build configuration list for PBXNativeTarget "decophiliaTests" */ = {
			isa = XCConfigurationList;
			buildConfigurations = (
				D5309CCB2ADE398200B5D0E3 /* Debug */,
				D5309CCC2ADE398200B5D0E3 /* Release */,
			);
			defaultConfigurationIsVisible = 0;
			defaultConfigurationName = Release;
		};
		D5309CCD2ADE398200B5D0E3 /* Build configuration list for PBXNativeTarget "decophiliaUITests" */ = {
			isa = XCConfigurationList;
			buildConfigurations = (
				D5309CCE2ADE398200B5D0E3 /* Debug */,
				D5309CCF2ADE398200B5D0E3 /* Release */,
			);
			defaultConfigurationIsVisible = 0;
			defaultConfigurationName = Release;
		};
/* End XCConfigurationList section */
	};
	rootObject = D5309C9B2ADE398100B5D0E3 /* Project object */;
}
